// !$*UTF8*$!
{
	archiveVersion = 1;
	classes = {
	};
	objectVersion = 55;
	objects = {

/* Begin PBXBuildFile section */
		04ECD0612811BB8E008F67B7 /* AppDelegate.swift in Sources */ = {isa = PBXBuildFile; fileRef = 04ECD0602811BB8E008F67B7 /* AppDelegate.swift */; };
		04ECD0632811BB8E008F67B7 /* SceneDelegate.swift in Sources */ = {isa = PBXBuildFile; fileRef = 04ECD0622811BB8E008F67B7 /* SceneDelegate.swift */; };
		04ECD0652811BB8E008F67B7 /* ViewController.swift in Sources */ = {isa = PBXBuildFile; fileRef = 04ECD0642811BB8E008F67B7 /* ViewController.swift */; };
		04ECD0682811BB8E008F67B7 /* Main.storyboard in Resources */ = {isa = PBXBuildFile; fileRef = 04ECD0662811BB8E008F67B7 /* Main.storyboard */; };
		04ECD06A2811BB92008F67B7 /* Assets.xcassets in Resources */ = {isa = PBXBuildFile; fileRef = 04ECD0692811BB92008F67B7 /* Assets.xcassets */; };
		04ECD06D2811BB92008F67B7 /* LaunchScreen.storyboard in Resources */ = {isa = PBXBuildFile; fileRef = 04ECD06B2811BB92008F67B7 /* LaunchScreen.storyboard */; };
		04ECD0842811BC5B008F67B7 /* MenuDataSourceTests.swift in Sources */ = {isa = PBXBuildFile; fileRef = 04ECD0832811BC5B008F67B7 /* MenuDataSourceTests.swift */; };
		04ECD0862811E868008F67B7 /* MenuDataSource.swift in Sources */ = {isa = PBXBuildFile; fileRef = 04ECD0852811E868008F67B7 /* MenuDataSource.swift */; };
		04ECD08828120BF2008F67B7 /* Pizza.swift in Sources */ = {isa = PBXBuildFile; fileRef = 04ECD08728120BF2008F67B7 /* Pizza.swift */; };
		04ECD08A281214ED008F67B7 /* MenuItem.swift in Sources */ = {isa = PBXBuildFile; fileRef = 04ECD089281214ED008F67B7 /* MenuItem.swift */; };
		04ECD08D28121638008F67B7 /* Pizza+FixtureExtension.swift in Sources */ = {isa = PBXBuildFile; fileRef = 04ECD08C28121638008F67B7 /* Pizza+FixtureExtension.swift */; };
/* End PBXBuildFile section */

/* Begin PBXContainerItemProxy section */
		04ECD07C2811BBB5008F67B7 /* PBXContainerItemProxy */ = {
			isa = PBXContainerItemProxy;
			containerPortal = 04ECD0552811BB8E008F67B7 /* Project object */;
			proxyType = 1;
			remoteGlobalIDString = 04ECD05C2811BB8E008F67B7;
			remoteInfo = FlexingTDD;
		};
/* End PBXContainerItemProxy section */

/* Begin PBXFileReference section */
		04ECD05D2811BB8E008F67B7 /* FlexingTDD.app */ = {isa = PBXFileReference; explicitFileType = wrapper.application; includeInIndex = 0; path = FlexingTDD.app; sourceTree = BUILT_PRODUCTS_DIR; };
		04ECD0602811BB8E008F67B7 /* AppDelegate.swift */ = {isa = PBXFileReference; lastKnownFileType = sourcecode.swift; path = AppDelegate.swift; sourceTree = "<group>"; };
		04ECD0622811BB8E008F67B7 /* SceneDelegate.swift */ = {isa = PBXFileReference; lastKnownFileType = sourcecode.swift; path = SceneDelegate.swift; sourceTree = "<group>"; };
		04ECD0642811BB8E008F67B7 /* ViewController.swift */ = {isa = PBXFileReference; lastKnownFileType = sourcecode.swift; path = ViewController.swift; sourceTree = "<group>"; };
		04ECD0672811BB8E008F67B7 /* Base */ = {isa = PBXFileReference; lastKnownFileType = file.storyboard; name = Base; path = Base.lproj/Main.storyboard; sourceTree = "<group>"; };
		04ECD0692811BB92008F67B7 /* Assets.xcassets */ = {isa = PBXFileReference; lastKnownFileType = folder.assetcatalog; path = Assets.xcassets; sourceTree = "<group>"; };
		04ECD06C2811BB92008F67B7 /* Base */ = {isa = PBXFileReference; lastKnownFileType = file.storyboard; name = Base; path = Base.lproj/LaunchScreen.storyboard; sourceTree = "<group>"; };
		04ECD06E2811BB92008F67B7 /* Info.plist */ = {isa = PBXFileReference; lastKnownFileType = text.plist.xml; path = Info.plist; sourceTree = "<group>"; };
		04ECD0782811BBB5008F67B7 /* FlexingTDDTests.xctest */ = {isa = PBXFileReference; explicitFileType = wrapper.cfbundle; includeInIndex = 0; path = FlexingTDDTests.xctest; sourceTree = BUILT_PRODUCTS_DIR; };
		04ECD0832811BC5B008F67B7 /* MenuDataSourceTests.swift */ = {isa = PBXFileReference; lastKnownFileType = sourcecode.swift; path = MenuDataSourceTests.swift; sourceTree = "<group>"; };
		04ECD0852811E868008F67B7 /* MenuDataSource.swift */ = {isa = PBXFileReference; lastKnownFileType = sourcecode.swift; path = MenuDataSource.swift; sourceTree = "<group>"; };
		04ECD08728120BF2008F67B7 /* Pizza.swift */ = {isa = PBXFileReference; lastKnownFileType = sourcecode.swift; path = Pizza.swift; sourceTree = "<group>"; };
		04ECD089281214ED008F67B7 /* MenuItem.swift */ = {isa = PBXFileReference; lastKnownFileType = sourcecode.swift; path = MenuItem.swift; sourceTree = "<group>"; };
		04ECD08C28121638008F67B7 /* Pizza+FixtureExtension.swift */ = {isa = PBXFileReference; lastKnownFileType = sourcecode.swift; path = "Pizza+FixtureExtension.swift"; sourceTree = "<group>"; };
/* End PBXFileReference section */

/* Begin PBXFrameworksBuildPhase section */
		04ECD05A2811BB8E008F67B7 /* Frameworks */ = {
			isa = PBXFrameworksBuildPhase;
			buildActionMask = 2147483647;
			files = (
			);
			runOnlyForDeploymentPostprocessing = 0;
		};
		04ECD0752811BBB5008F67B7 /* Frameworks */ = {
			isa = PBXFrameworksBuildPhase;
			buildActionMask = 2147483647;
			files = (
			);
			runOnlyForDeploymentPostprocessing = 0;
		};
/* End PBXFrameworksBuildPhase section */

/* Begin PBXGroup section */
		04ECD0542811BB8E008F67B7 = {
			isa = PBXGroup;
			children = (
				04ECD05F2811BB8E008F67B7 /* FlexingTDD */,
				04ECD0792811BBB5008F67B7 /* FlexingTDDTests */,
				04ECD05E2811BB8E008F67B7 /* Products */,
			);
			sourceTree = "<group>";
		};
		04ECD05E2811BB8E008F67B7 /* Products */ = {
			isa = PBXGroup;
			children = (
				04ECD05D2811BB8E008F67B7 /* FlexingTDD.app */,
				04ECD0782811BBB5008F67B7 /* FlexingTDDTests.xctest */,
			);
			name = Products;
			sourceTree = "<group>";
		};
		04ECD05F2811BB8E008F67B7 /* FlexingTDD */ = {
			isa = PBXGroup;
			children = (
				04ECD0602811BB8E008F67B7 /* AppDelegate.swift */,
				04ECD0622811BB8E008F67B7 /* SceneDelegate.swift */,
				04ECD0642811BB8E008F67B7 /* ViewController.swift */,
				04ECD0662811BB8E008F67B7 /* Main.storyboard */,
				04ECD0692811BB92008F67B7 /* Assets.xcassets */,
				04ECD06B2811BB92008F67B7 /* LaunchScreen.storyboard */,
				04ECD06E2811BB92008F67B7 /* Info.plist */,
				04ECD0852811E868008F67B7 /* MenuDataSource.swift */,
				04ECD089281214ED008F67B7 /* MenuItem.swift */,
				04ECD08728120BF2008F67B7 /* Pizza.swift */,
			);
			path = FlexingTDD;
			sourceTree = "<group>";
		};
		04ECD0792811BBB5008F67B7 /* FlexingTDDTests */ = {
			isa = PBXGroup;
			children = (
				04ECD08B28121608008F67B7 /* Fixtures */,
				04ECD0832811BC5B008F67B7 /* MenuDataSourceTests.swift */,
			);
			path = FlexingTDDTests;
			sourceTree = "<group>";
		};
		04ECD08B28121608008F67B7 /* Fixtures */ = {
			isa = PBXGroup;
			children = (
				04ECD08C28121638008F67B7 /* Pizza+FixtureExtension.swift */,
			);
			path = Fixtures;
			sourceTree = "<group>";
		};
/* End PBXGroup section */

/* Begin PBXNativeTarget section */
		04ECD05C2811BB8E008F67B7 /* FlexingTDD */ = {
			isa = PBXNativeTarget;
			buildConfigurationList = 04ECD0712811BB92008F67B7 /* Build configuration list for PBXNativeTarget "FlexingTDD" */;
			buildPhases = (
				04ECD0592811BB8E008F67B7 /* Sources */,
				04ECD05A2811BB8E008F67B7 /* Frameworks */,
				04ECD05B2811BB8E008F67B7 /* Resources */,
			);
			buildRules = (
			);
			dependencies = (
			);
			name = FlexingTDD;
			productName = FlexingTDD;
			productReference = 04ECD05D2811BB8E008F67B7 /* FlexingTDD.app */;
			productType = "com.apple.product-type.application";
		};
		04ECD0772811BBB5008F67B7 /* FlexingTDDTests */ = {
			isa = PBXNativeTarget;
			buildConfigurationList = 04ECD07E2811BBB5008F67B7 /* Build configuration list for PBXNativeTarget "FlexingTDDTests" */;
			buildPhases = (
				04ECD0742811BBB5008F67B7 /* Sources */,
				04ECD0752811BBB5008F67B7 /* Frameworks */,
				04ECD0762811BBB5008F67B7 /* Resources */,
			);
			buildRules = (
			);
			dependencies = (
				04ECD07D2811BBB5008F67B7 /* PBXTargetDependency */,
			);
			name = FlexingTDDTests;
			productName = FlexingTDDTests;
			productReference = 04ECD0782811BBB5008F67B7 /* FlexingTDDTests.xctest */;
			productType = "com.apple.product-type.bundle.unit-test";
		};
/* End PBXNativeTarget section */

/* Begin PBXProject section */
		04ECD0552811BB8E008F67B7 /* Project object */ = {
			isa = PBXProject;
			attributes = {
				BuildIndependentTargetsInParallel = 1;
				LastSwiftUpdateCheck = 1320;
				LastUpgradeCheck = 1320;
				TargetAttributes = {
					04ECD05C2811BB8E008F67B7 = {
						CreatedOnToolsVersion = 13.2.1;
					};
					04ECD0772811BBB5008F67B7 = {
						CreatedOnToolsVersion = 13.2.1;
						LastSwiftMigration = 1320;
						TestTargetID = 04ECD05C2811BB8E008F67B7;
					};
				};
			};
			buildConfigurationList = 04ECD0582811BB8E008F67B7 /* Build configuration list for PBXProject "FlexingTDD" */;
			compatibilityVersion = "Xcode 13.0";
			developmentRegion = en;
			hasScannedForEncodings = 0;
			knownRegions = (
				en,
				Base,
			);
			mainGroup = 04ECD0542811BB8E008F67B7;
			productRefGroup = 04ECD05E2811BB8E008F67B7 /* Products */;
			projectDirPath = "";
			projectRoot = "";
			targets = (
				04ECD05C2811BB8E008F67B7 /* FlexingTDD */,
				04ECD0772811BBB5008F67B7 /* FlexingTDDTests */,
			);
		};
/* End PBXProject section */

/* Begin PBXResourcesBuildPhase section */
		04ECD05B2811BB8E008F67B7 /* Resources */ = {
			isa = PBXResourcesBuildPhase;
			buildActionMask = 2147483647;
			files = (
				04ECD06D2811BB92008F67B7 /* LaunchScreen.storyboard in Resources */,
				04ECD06A2811BB92008F67B7 /* Assets.xcassets in Resources */,
				04ECD0682811BB8E008F67B7 /* Main.storyboard in Resources */,
			);
			runOnlyForDeploymentPostprocessing = 0;
		};
		04ECD0762811BBB5008F67B7 /* Resources */ = {
			isa = PBXResourcesBuildPhase;
			buildActionMask = 2147483647;
			files = (
			);
			runOnlyForDeploymentPostprocessing = 0;
		};
/* End PBXResourcesBuildPhase section */

/* Begin PBXSourcesBuildPhase section */
		04ECD0592811BB8E008F67B7 /* Sources */ = {
			isa = PBXSourcesBuildPhase;
			buildActionMask = 2147483647;
			files = (
				04ECD0652811BB8E008F67B7 /* ViewController.swift in Sources */,
				04ECD0612811BB8E008F67B7 /* AppDelegate.swift in Sources */,
				04ECD0632811BB8E008F67B7 /* SceneDelegate.swift in Sources */,
				04ECD08A281214ED008F67B7 /* MenuItem.swift in Sources */,
				04ECD08828120BF2008F67B7 /* Pizza.swift in Sources */,
				04ECD0862811E868008F67B7 /* MenuDataSource.swift in Sources */,
			);
			runOnlyForDeploymentPostprocessing = 0;
		};
		04ECD0742811BBB5008F67B7 /* Sources */ = {
			isa = PBXSourcesBuildPhase;
			buildActionMask = 2147483647;
			files = (
				04ECD08D28121638008F67B7 /* Pizza+FixtureExtension.swift in Sources */,
				04ECD0842811BC5B008F67B7 /* MenuDataSourceTests.swift in Sources */,
			);
			runOnlyForDeploymentPostprocessing = 0;
		};
/* End PBXSourcesBuildPhase section */

/* Begin PBXTargetDependency section */
		04ECD07D2811BBB5008F67B7 /* PBXTargetDependency */ = {
			isa = PBXTargetDependency;
			target = 04ECD05C2811BB8E008F67B7 /* FlexingTDD */;
			targetProxy = 04ECD07C2811BBB5008F67B7 /* PBXContainerItemProxy */;
		};
/* End PBXTargetDependency section */

/* Begin PBXVariantGroup section */
		04ECD0662811BB8E008F67B7 /* Main.storyboard */ = {
			isa = PBXVariantGroup;
			children = (
				04ECD0672811BB8E008F67B7 /* Base */,
			);
			name = Main.storyboard;
			sourceTree = "<group>";
		};
		04ECD06B2811BB92008F67B7 /* LaunchScreen.storyboard */ = {
			isa = PBXVariantGroup;
			children = (
				04ECD06C2811BB92008F67B7 /* Base */,
			);
			name = LaunchScreen.storyboard;
			sourceTree = "<group>";
		};
/* End PBXVariantGroup section */

/* Begin XCBuildConfiguration section */
		04ECD06F2811BB92008F67B7 /* Debug */ = {
			isa = XCBuildConfiguration;
			buildSettings = {
				ALWAYS_SEARCH_USER_PATHS = NO;
				CLANG_ANALYZER_NONNULL = YES;
				CLANG_ANALYZER_NUMBER_OBJECT_CONVERSION = YES_AGGRESSIVE;
				CLANG_CXX_LANGUAGE_STANDARD = "gnu++17";
				CLANG_CXX_LIBRARY = "libc++";
				CLANG_ENABLE_MODULES = YES;
				CLANG_ENABLE_OBJC_ARC = YES;
				CLANG_ENABLE_OBJC_WEAK = YES;
				CLANG_WARN_BLOCK_CAPTURE_AUTORELEASING = YES;
				CLANG_WARN_BOOL_CONVERSION = YES;
				CLANG_WARN_COMMA = YES;
				CLANG_WARN_CONSTANT_CONVERSION = YES;
				CLANG_WARN_DEPRECATED_OBJC_IMPLEMENTATIONS = YES;
				CLANG_WARN_DIRECT_OBJC_ISA_USAGE = YES_ERROR;
				CLANG_WARN_DOCUMENTATION_COMMENTS = YES;
				CLANG_WARN_EMPTY_BODY = YES;
				CLANG_WARN_ENUM_CONVERSION = YES;
				CLANG_WARN_INFINITE_RECURSION = YES;
				CLANG_WARN_INT_CONVERSION = YES;
				CLANG_WARN_NON_LITERAL_NULL_CONVERSION = YES;
				CLANG_WARN_OBJC_IMPLICIT_RETAIN_SELF = YES;
				CLANG_WARN_OBJC_LITERAL_CONVERSION = YES;
				CLANG_WARN_OBJC_ROOT_CLASS = YES_ERROR;
				CLANG_WARN_QUOTED_INCLUDE_IN_FRAMEWORK_HEADER = YES;
				CLANG_WARN_RANGE_LOOP_ANALYSIS = YES;
				CLANG_WARN_STRICT_PROTOTYPES = YES;
				CLANG_WARN_SUSPICIOUS_MOVE = YES;
				CLANG_WARN_UNGUARDED_AVAILABILITY = YES_AGGRESSIVE;
				CLANG_WARN_UNREACHABLE_CODE = YES;
				CLANG_WARN__DUPLICATE_METHOD_MATCH = YES;
				COPY_PHASE_STRIP = NO;
				DEBUG_INFORMATION_FORMAT = dwarf;
				ENABLE_STRICT_OBJC_MSGSEND = YES;
				ENABLE_TESTABILITY = YES;
				GCC_C_LANGUAGE_STANDARD = gnu11;
				GCC_DYNAMIC_NO_PIC = NO;
				GCC_NO_COMMON_BLOCKS = YES;
				GCC_OPTIMIZATION_LEVEL = 0;
				GCC_PREPROCESSOR_DEFINITIONS = (
					"DEBUG=1",
					"$(inherited)",
				);
				GCC_WARN_64_TO_32_BIT_CONVERSION = YES;
				GCC_WARN_ABOUT_RETURN_TYPE = YES_ERROR;
				GCC_WARN_UNDECLARED_SELECTOR = YES;
				GCC_WARN_UNINITIALIZED_AUTOS = YES_AGGRESSIVE;
				GCC_WARN_UNUSED_FUNCTION = YES;
				GCC_WARN_UNUSED_VARIABLE = YES;
				IPHONEOS_DEPLOYMENT_TARGET = 15.2;
				MTL_ENABLE_DEBUG_INFO = INCLUDE_SOURCE;
				MTL_FAST_MATH = YES;
				ONLY_ACTIVE_ARCH = YES;
				SDKROOT = iphoneos;
				SWIFT_ACTIVE_COMPILATION_CONDITIONS = DEBUG;
				SWIFT_OPTIMIZATION_LEVEL = "-Onone";
			};
			name = Debug;
		};
		04ECD0702811BB92008F67B7 /* Release */ = {
			isa = XCBuildConfiguration;
			buildSettings = {
				ALWAYS_SEARCH_USER_PATHS = NO;
				CLANG_ANALYZER_NONNULL = YES;
				CLANG_ANALYZER_NUMBER_OBJECT_CONVERSION = YES_AGGRESSIVE;
				CLANG_CXX_LANGUAGE_STANDARD = "gnu++17";
				CLANG_CXX_LIBRARY = "libc++";
				CLANG_ENABLE_MODULES = YES;
				CLANG_ENABLE_OBJC_ARC = YES;
				CLANG_ENABLE_OBJC_WEAK = YES;
				CLANG_WARN_BLOCK_CAPTURE_AUTORELEASING = YES;
				CLANG_WARN_BOOL_CONVERSION = YES;
				CLANG_WARN_COMMA = YES;
				CLANG_WARN_CONSTANT_CONVERSION = YES;
				CLANG_WARN_DEPRECATED_OBJC_IMPLEMENTATIONS = YES;
				CLANG_WARN_DIRECT_OBJC_ISA_USAGE = YES_ERROR;
				CLANG_WARN_DOCUMENTATION_COMMENTS = YES;
				CLANG_WARN_EMPTY_BODY = YES;
				CLANG_WARN_ENUM_CONVERSION = YES;
				CLANG_WARN_INFINITE_RECURSION = YES;
				CLANG_WARN_INT_CONVERSION = YES;
				CLANG_WARN_NON_LITERAL_NULL_CONVERSION = YES;
				CLANG_WARN_OBJC_IMPLICIT_RETAIN_SELF = YES;
				CLANG_WARN_OBJC_LITERAL_CONVERSION = YES;
				CLANG_WARN_OBJC_ROOT_CLASS = YES_ERROR;
				CLANG_WARN_QUOTED_INCLUDE_IN_FRAMEWORK_HEADER = YES;
				CLANG_WARN_RANGE_LOOP_ANALYSIS = YES;
				CLANG_WARN_STRICT_PROTOTYPES = YES;
				CLANG_WARN_SUSPICIOUS_MOVE = YES;
				CLANG_WARN_UNGUARDED_AVAILABILITY = YES_AGGRESSIVE;
				CLANG_WARN_UNREACHABLE_CODE = YES;
				CLANG_WARN__DUPLICATE_METHOD_MATCH = YES;
				COPY_PHASE_STRIP = NO;
				DEBUG_INFORMATION_FORMAT = "dwarf-with-dsym";
				ENABLE_NS_ASSERTIONS = NO;
				ENABLE_STRICT_OBJC_MSGSEND = YES;
				GCC_C_LANGUAGE_STANDARD = gnu11;
				GCC_NO_COMMON_BLOCKS = YES;
				GCC_WARN_64_TO_32_BIT_CONVERSION = YES;
				GCC_WARN_ABOUT_RETURN_TYPE = YES_ERROR;
				GCC_WARN_UNDECLARED_SELECTOR = YES;
				GCC_WARN_UNINITIALIZED_AUTOS = YES_AGGRESSIVE;
				GCC_WARN_UNUSED_FUNCTION = YES;
				GCC_WARN_UNUSED_VARIABLE = YES;
				IPHONEOS_DEPLOYMENT_TARGET = 15.2;
				MTL_ENABLE_DEBUG_INFO = NO;
				MTL_FAST_MATH = YES;
				SDKROOT = iphoneos;
				SWIFT_COMPILATION_MODE = wholemodule;
				SWIFT_OPTIMIZATION_LEVEL = "-O";
				VALIDATE_PRODUCT = YES;
			};
			name = Release;
		};
		04ECD0722811BB92008F67B7 /* Debug */ = {
			isa = XCBuildConfiguration;
			buildSettings = {
				ASSETCATALOG_COMPILER_APPICON_NAME = AppIcon;
				ASSETCATALOG_COMPILER_GLOBAL_ACCENT_COLOR_NAME = AccentColor;
				CODE_SIGN_STYLE = Automatic;
				CURRENT_PROJECT_VERSION = 1;
				DEVELOPMENT_TEAM = 6ZPB2R3KP8;
				GENERATE_INFOPLIST_FILE = YES;
				INFOPLIST_FILE = FlexingTDD/Info.plist;
				INFOPLIST_KEY_UIApplicationSupportsIndirectInputEvents = YES;
				INFOPLIST_KEY_UILaunchStoryboardName = LaunchScreen;
				INFOPLIST_KEY_UIMainStoryboardFile = Main;
				INFOPLIST_KEY_UISupportedInterfaceOrientations_iPad = "UIInterfaceOrientationPortrait UIInterfaceOrientationPortraitUpsideDown UIInterfaceOrientationLandscapeLeft UIInterfaceOrientationLandscapeRight";
				INFOPLIST_KEY_UISupportedInterfaceOrientations_iPhone = "UIInterfaceOrientationPortrait UIInterfaceOrientationLandscapeLeft UIInterfaceOrientationLandscapeRight";
				LD_RUNPATH_SEARCH_PATHS = (
					"$(inherited)",
					"@executable_path/Frameworks",
				);
				MARKETING_VERSION = 1.0;
				PRODUCT_BUNDLE_IDENTIFIER = com.waheedcodes.FlexingTDD;
				PRODUCT_NAME = "$(TARGET_NAME)";
				SWIFT_EMIT_LOC_STRINGS = YES;
				SWIFT_VERSION = 5.0;
				TARGETED_DEVICE_FAMILY = "1,2";
			};
			name = Debug;
		};
		04ECD0732811BB92008F67B7 /* Release */ = {
			isa = XCBuildConfiguration;
			buildSettings = {
				ASSETCATALOG_COMPILER_APPICON_NAME = AppIcon;
				ASSETCATALOG_COMPILER_GLOBAL_ACCENT_COLOR_NAME = AccentColor;
				CODE_SIGN_STYLE = Automatic;
				CURRENT_PROJECT_VERSION = 1;
				DEVELOPMENT_TEAM = 6ZPB2R3KP8;
				GENERATE_INFOPLIST_FILE = YES;
				INFOPLIST_FILE = FlexingTDD/Info.plist;
				INFOPLIST_KEY_UIApplicationSupportsIndirectInputEvents = YES;
				INFOPLIST_KEY_UILaunchStoryboardName = LaunchScreen;
				INFOPLIST_KEY_UIMainStoryboardFile = Main;
				INFOPLIST_KEY_UISupportedInterfaceOrientations_iPad = "UIInterfaceOrientationPortrait UIInterfaceOrientationPortraitUpsideDown UIInterfaceOrientationLandscapeLeft UIInterfaceOrientationLandscapeRight";
				INFOPLIST_KEY_UISupportedInterfaceOrientations_iPhone = "UIInterfaceOrientationPortrait UIInterfaceOrientationLandscapeLeft UIInterfaceOrientationLandscapeRight";
				LD_RUNPATH_SEARCH_PATHS = (
					"$(inherited)",
					"@executable_path/Frameworks",
				);
				MARKETING_VERSION = 1.0;
				PRODUCT_BUNDLE_IDENTIFIER = com.waheedcodes.FlexingTDD;
				PRODUCT_NAME = "$(TARGET_NAME)";
				SWIFT_EMIT_LOC_STRINGS = YES;
				SWIFT_VERSION = 5.0;
				TARGETED_DEVICE_FAMILY = "1,2";
			};
			name = Release;
		};
		04ECD07F2811BBB5008F67B7 /* Debug */ = {
			isa = XCBuildConfiguration;
			buildSettings = {
				BUNDLE_LOADER = "$(TEST_HOST)";
				CLANG_ENABLE_MODULES = YES;
				CODE_SIGN_STYLE = Automatic;
				CURRENT_PROJECT_VERSION = 1;
				DEVELOPMENT_TEAM = 6ZPB2R3KP8;
				GENERATE_INFOPLIST_FILE = YES;
				LD_RUNPATH_SEARCH_PATHS = (
					"$(inherited)",
					"@executable_path/Frameworks",
					"@loader_path/Frameworks",
				);
				MARKETING_VERSION = 1.0;
				PRODUCT_BUNDLE_IDENTIFIER = com.waheedcodes.FlexingTDDTests;
				PRODUCT_NAME = "$(TARGET_NAME)";
				SWIFT_EMIT_LOC_STRINGS = NO;
				SWIFT_OPTIMIZATION_LEVEL = "-Onone";
				SWIFT_VERSION = 5.0;
				TARGETED_DEVICE_FAMILY = "1,2";
				TEST_HOST = "$(BUILT_PRODUCTS_DIR)/FlexingTDD.app/FlexingTDD";
			};
			name = Debug;
		};
		04ECD0802811BBB5008F67B7 /* Release */ = {
			isa = XCBuildConfiguration;
			buildSettings = {
				BUNDLE_LOADER = "$(TEST_HOST)";
				CLANG_ENABLE_MODULES = YES;
				CODE_SIGN_STYLE = Automatic;
				CURRENT_PROJECT_VERSION = 1;
				DEVELOPMENT_TEAM = 6ZPB2R3KP8;
				GENERATE_INFOPLIST_FILE = YES;
				LD_RUNPATH_SEARCH_PATHS = (
					"$(inherited)",
					"@executable_path/Frameworks",
					"@loader_path/Frameworks",
				);
				MARKETING_VERSION = 1.0;
				PRODUCT_BUNDLE_IDENTIFIER = com.waheedcodes.FlexingTDDTests;
				PRODUCT_NAME = "$(TARGET_NAME)";
				SWIFT_EMIT_LOC_STRINGS = NO;
				SWIFT_VERSION = 5.0;
				TARGETED_DEVICE_FAMILY = "1,2";
				TEST_HOST = "$(BUILT_PRODUCTS_DIR)/FlexingTDD.app/FlexingTDD";
			};
			name = Release;
		};
/* End XCBuildConfiguration section */

/* Begin XCConfigurationList section */
		04ECD0582811BB8E008F67B7 /* Build configuration list for PBXProject "FlexingTDD" */ = {
			isa = XCConfigurationList;
			buildConfigurations = (
				04ECD06F2811BB92008F67B7 /* Debug */,
				04ECD0702811BB92008F67B7 /* Release */,
			);
			defaultConfigurationIsVisible = 0;
			defaultConfigurationName = Release;
		};
		04ECD0712811BB92008F67B7 /* Build configuration list for PBXNativeTarget "FlexingTDD" */ = {
			isa = XCConfigurationList;
			buildConfigurations = (
				04ECD0722811BB92008F67B7 /* Debug */,
				04ECD0732811BB92008F67B7 /* Release */,
			);
			defaultConfigurationIsVisible = 0;
			defaultConfigurationName = Release;
		};
		04ECD07E2811BBB5008F67B7 /* Build configuration list for PBXNativeTarget "FlexingTDDTests" */ = {
			isa = XCConfigurationList;
			buildConfigurations = (
				04ECD07F2811BBB5008F67B7 /* Debug */,
				04ECD0802811BBB5008F67B7 /* Release */,
			);
			defaultConfigurationIsVisible = 0;
			defaultConfigurationName = Release;
		};
/* End XCConfigurationList section */
	};
	rootObject = 04ECD0552811BB8E008F67B7 /* Project object */;
}
